
Microsoft Visual Studio Solution File, Format Version 12.00
# Visual Studio Version 17
VisualStudioVersion = 17.9.34616.47
MinimumVisualStudioVersion = 10.0.40219.1
Project("{FAE04EC0-301F-11D3-BF4B-00C04F79EFBC}") = "ST10318621_PROG_POE", "ST10318621_PROG_POE.csproj", "{CD04835B-6DAC-4313-96FC-0FD4CF5C6494}"
EndProject
Project("{FAE04EC0-301F-11D3-BF4B-00C04F79EFBC}") = "RecipeTests", "..\RecipeTests\RecipeTests.csproj", "{73400F51-44A0-4914-9334-A8335A89971A}"
EndProject
Project("{FAE04EC0-301F-11D3-BF4B-00C04F79EFBC}") = "RecipeWPF", "..\RecipeWPF\RecipeWPF.csproj", "{A2B86987-D079-4585-A661-E96714F3D403}"
EndProject
Global
	GlobalSection(SolutionConfigurationPlatforms) = preSolution
		Debug|Any CPU = Debug|Any CPU
		Release|Any CPU = Release|Any CPU
	EndGlobalSection
	GlobalSection(ProjectConfigurationPlatforms) = postSolution
		{CD04835B-6DAC-4313-96FC-0FD4CF5C6494}.Debug|Any CPU.ActiveCfg = Debug|Any CPU
		{CD04835B-6DAC-4313-96FC-0FD4CF5C6494}.Debug|Any CPU.Build.0 = Debug|Any CPU
		{CD04835B-6DAC-4313-96FC-0FD4CF5C6494}.Release|Any CPU.ActiveCfg = Release|Any CPU
		{CD04835B-6DAC-4313-96FC-0FD4CF5C6494}.Release|Any CPU.Build.0 = Release|Any CPU
		{73400F51-44A0-4914-9334-A8335A89971A}.Debug|Any CPU.ActiveCfg = Debug|Any CPU
		{73400F51-44A0-4914-9334-A8335A89971A}.Debug|Any CPU.Build.0 = Debug|Any CPU
		{73400F51-44A0-4914-9334-A8335A89971A}.Release|Any CPU.ActiveCfg = Release|Any CPU
		{73400F51-44A0-4914-9334-A8335A89971A}.Release|Any CPU.Build.0 = Release|Any CPU
		{A2B86987-D079-4585-A661-E96714F3D403}.Debug|Any CPU.ActiveCfg = Debug|Any CPU
		{A2B86987-D079-4585-A661-E96714F3D403}.Debug|Any CPU.Build.0 = Debug|Any CPU
		{A2B86987-D079-4585-A661-E96714F3D403}.Release|Any CPU.ActiveCfg = Release|Any CPU
		{A2B86987-D079-4585-A661-E96714F3D403}.Release|Any CPU.Build.0 = Release|Any CPU
	EndGlobalSection
	GlobalSection(SolutionProperties) = preSolution
		HideSolutionNode = FALSE
	EndGlobalSection
	GlobalSection(ExtensibilityGlobals) = postSolution
		SolutionGuid = {1A449657-4B35-47C2-B975-2F628519CFFB}
	EndGlobalSection
EndGlobal
